
Microsoft Visual Studio Solution File, Format Version 12.00
# Visual Studio 15
VisualStudioVersion = 15.0.28307.421
MinimumVisualStudioVersion = 10.0.40219.1
Project("{FAE04EC0-301F-11D3-BF4B-00C04F79EFBC}") = "HW3.Android", "HW3\HW3.Android\HW3.Android.csproj", "{1B9B83AC-3F0A-4C78-BB7B-0341F015B8B0}"
EndProject
Project("{FAE04EC0-301F-11D3-BF4B-00C04F79EFBC}") = "HW3.UWP", "HW3\HW3.UWP\HW3.UWP.csproj", "{9A8FE1B8-2A21-4027-BD3D-8244F39EEAAA}"
EndProject
Project("{FAE04EC0-301F-11D3-BF4B-00C04F79EFBC}") = "HW3", "HW3\HW3\HW3.csproj", "{7CC54AE7-2FDA-4568-840A-CC967F4E2943}"
EndProject
Global
	GlobalSection(SolutionConfigurationPlatforms) = preSolution
		Debug|Any CPU = Debug|Any CPU
		Debug|ARM = Debug|ARM
		Debug|x64 = Debug|x64
		Debug|x86 = Debug|x86
		Release|Any CPU = Release|Any CPU
		Release|ARM = Release|ARM
		Release|x64 = Release|x64
		Release|x86 = Release|x86
	EndGlobalSection
	GlobalSection(ProjectConfigurationPlatforms) = postSolution
		{1B9B83AC-3F0A-4C78-BB7B-0341F015B8B0}.Debug|Any CPU.ActiveCfg = Debug|Any CPU
		{1B9B83AC-3F0A-4C78-BB7B-0341F015B8B0}.Debug|Any CPU.Build.0 = Debug|Any CPU
		{1B9B83AC-3F0A-4C78-BB7B-0341F015B8B0}.Debug|Any CPU.Deploy.0 = Debug|Any CPU
		{1B9B83AC-3F0A-4C78-BB7B-0341F015B8B0}.Debug|ARM.ActiveCfg = Debug|Any CPU
		{1B9B83AC-3F0A-4C78-BB7B-0341F015B8B0}.Debug|ARM.Build.0 = Debug|Any CPU
		{1B9B83AC-3F0A-4C78-BB7B-0341F015B8B0}.Debug|ARM.Deploy.0 = Debug|Any CPU
		{1B9B83AC-3F0A-4C78-BB7B-0341F015B8B0}.Debug|x64.ActiveCfg = Debug|Any CPU
		{1B9B83AC-3F0A-4C78-BB7B-0341F015B8B0}.Debug|x64.Build.0 = Debug|Any CPU
		{1B9B83AC-3F0A-4C78-BB7B-0341F015B8B0}.Debug|x64.Deploy.0 = Debug|Any CPU
		{1B9B83AC-3F0A-4C78-BB7B-0341F015B8B0}.Debug|x86.ActiveCfg = Debug|Any CPU
		{1B9B83AC-3F0A-4C78-BB7B-0341F015B8B0}.Debug|x86.Build.0 = Debug|Any CPU
		{1B9B83AC-3F0A-4C78-BB7B-0341F015B8B0}.Debug|x86.Deploy.0 = Debug|Any CPU
		{1B9B83AC-3F0A-4C78-BB7B-0341F015B8B0}.Release|Any CPU.ActiveCfg = Release|Any CPU
		{1B9B83AC-3F0A-4C78-BB7B-0341F015B8B0}.Release|Any CPU.Build.0 = Release|Any CPU
		{1B9B83AC-3F0A-4C78-BB7B-0341F015B8B0}.Release|Any CPU.Deploy.0 = Release|Any CPU
		{1B9B83AC-3F0A-4C78-BB7B-0341F015B8B0}.Release|ARM.ActiveCfg = Release|Any CPU
		{1B9B83AC-3F0A-4C78-BB7B-0341F015B8B0}.Release|ARM.Build.0 = Release|Any CPU
		{1B9B83AC-3F0A-4C78-BB7B-0341F015B8B0}.Release|ARM.Deploy.0 = Release|Any CPU
		{1B9B83AC-3F0A-4C78-BB7B-0341F015B8B0}.Release|x64.ActiveCfg = Release|Any CPU
		{1B9B83AC-3F0A-4C78-BB7B-0341F015B8B0}.Release|x64.Build.0 = Release|Any CPU
		{1B9B83AC-3F0A-4C78-BB7B-0341F015B8B0}.Release|x64.Deploy.0 = Release|Any CPU
		{1B9B83AC-3F0A-4C78-BB7B-0341F015B8B0}.Release|x86.ActiveCfg = Release|Any CPU
		{1B9B83AC-3F0A-4C78-BB7B-0341F015B8B0}.Release|x86.Build.0 = Release|Any CPU
		{1B9B83AC-3F0A-4C78-BB7B-0341F015B8B0}.Release|x86.Deploy.0 = Release|Any CPU
		{9A8FE1B8-2A21-4027-BD3D-8244F39EEAAA}.Debug|Any CPU.ActiveCfg = Debug|x86
		{9A8FE1B8-2A21-4027-BD3D-8244F39EEAAA}.Debug|Any CPU.Build.0 = Debug|x86
		{9A8FE1B8-2A21-4027-BD3D-8244F39EEAAA}.Debug|Any CPU.Deploy.0 = Debug|x86
		{9A8FE1B8-2A21-4027-BD3D-8244F39EEAAA}.Debug|ARM.ActiveCfg = Debug|ARM
		{9A8FE1B8-2A21-4027-BD3D-8244F39EEAAA}.Debug|ARM.Build.0 = Debug|ARM
		{9A8FE1B8-2A21-4027-BD3D-8244F39EEAAA}.Debug|ARM.Deploy.0 = Debug|ARM
		{9A8FE1B8-2A21-4027-BD3D-8244F39EEAAA}.Debug|x64.ActiveCfg = Debug|x64
		{9A8FE1B8-2A21-4027-BD3D-8244F39EEAAA}.Debug|x64.Build.0 = Debug|x64
		{9A8FE1B8-2A21-4027-BD3D-8244F39EEAAA}.Debug|x64.Deploy.0 = Debug|x64
		{9A8FE1B8-2A21-4027-BD3D-8244F39EEAAA}.Debug|x86.ActiveCfg = Debug|x86
		{9A8FE1B8-2A21-4027-BD3D-8244F39EEAAA}.Debug|x86.Build.0 = Debug|x86
		{9A8FE1B8-2A21-4027-BD3D-8244F39EEAAA}.Debug|x86.Deploy.0 = Debug|x86
		{9A8FE1B8-2A21-4027-BD3D-8244F39EEAAA}.Release|Any CPU.ActiveCfg = Release|x86
		{9A8FE1B8-2A21-4027-BD3D-8244F39EEAAA}.Release|Any CPU.Build.0 = Release|x86
		{9A8FE1B8-2A21-4027-BD3D-8244F39EEAAA}.Release|Any CPU.Deploy.0 = Release|x86
		{9A8FE1B8-2A21-4027-BD3D-8244F39EEAAA}.Release|ARM.ActiveCfg = Release|ARM
		{9A8FE1B8-2A21-4027-BD3D-8244F39EEAAA}.Release|ARM.Build.0 = Release|ARM
		{9A8FE1B8-2A21-4027-BD3D-8244F39EEAAA}.Release|ARM.Deploy.0 = Release|ARM
		{9A8FE1B8-2A21-4027-BD3D-8244F39EEAAA}.Release|x64.ActiveCfg = Release|x64
		{9A8FE1B8-2A21-4027-BD3D-8244F39EEAAA}.Release|x64.Build.0 = Release|x64
		{9A8FE1B8-2A21-4027-BD3D-8244F39EEAAA}.Release|x64.Deploy.0 = Release|x64
		{9A8FE1B8-2A21-4027-BD3D-8244F39EEAAA}.Release|x86.ActiveCfg = Release|x86
		{9A8FE1B8-2A21-4027-BD3D-8244F39EEAAA}.Release|x86.Build.0 = Release|x86
		{9A8FE1B8-2A21-4027-BD3D-8244F39EEAAA}.Release|x86.Deploy.0 = Release|x86
		{7CC54AE7-2FDA-4568-840A-CC967F4E2943}.Debug|Any CPU.ActiveCfg = Debug|Any CPU
		{7CC54AE7-2FDA-4568-840A-CC967F4E2943}.Debug|Any CPU.Build.0 = Debug|Any CPU
		{7CC54AE7-2FDA-4568-840A-CC967F4E2943}.Debug|Any CPU.Deploy.0 = Debug|Any CPU
		{7CC54AE7-2FDA-4568-840A-CC967F4E2943}.Debug|ARM.ActiveCfg = Debug|Any CPU
		{7CC54AE7-2FDA-4568-840A-CC967F4E2943}.Debug|ARM.Build.0 = Debug|Any CPU
		{7CC54AE7-2FDA-4568-840A-CC967F4E2943}.Debug|ARM.Deploy.0 = Debug|Any CPU
		{7CC54AE7-2FDA-4568-840A-CC967F4E2943}.Debug|x64.ActiveCfg = Debug|Any CPU
		{7CC54AE7-2FDA-4568-840A-CC967F4E2943}.Debug|x64.Build.0 = Debug|Any CPU
		{7CC54AE7-2FDA-4568-840A-CC967F4E2943}.Debug|x64.Deploy.0 = Debug|Any CPU
		{7CC54AE7-2FDA-4568-840A-CC967F4E2943}.Debug|x86.ActiveCfg = Debug|Any CPU
		{7CC54AE7-2FDA-4568-840A-CC967F4E2943}.Debug|x86.Build.0 = Debug|Any CPU
		{7CC54AE7-2FDA-4568-840A-CC967F4E2943}.Debug|x86.Deploy.0 = Debug|Any CPU
		{7CC54AE7-2FDA-4568-840A-CC967F4E2943}.Release|Any CPU.ActiveCfg = Release|Any CPU
		{7CC54AE7-2FDA-4568-840A-CC967F4E2943}.Release|Any CPU.Build.0 = Release|Any CPU
		{7CC54AE7-2FDA-4568-840A-CC967F4E2943}.Release|Any CPU.Deploy.0 = Release|Any CPU
		{7CC54AE7-2FDA-4568-840A-CC967F4E2943}.Release|ARM.ActiveCfg = Release|Any CPU
		{7CC54AE7-2FDA-4568-840A-CC967F4E2943}.Release|ARM.Build.0 = Release|Any CPU
		{7CC54AE7-2FDA-4568-840A-CC967F4E2943}.Release|ARM.Deploy.0 = Release|Any CPU
		{7CC54AE7-2FDA-4568-840A-CC967F4E2943}.Release|x64.ActiveCfg = Release|Any CPU
		{7CC54AE7-2FDA-4568-840A-CC967F4E2943}.Release|x64.Build.0 = Release|Any CPU
		{7CC54AE7-2FDA-4568-840A-CC967F4E2943}.Release|x64.Deploy.0 = Release|Any CPU
		{7CC54AE7-2FDA-4568-840A-CC967F4E2943}.Release|x86.ActiveCfg = Release|Any CPU
		{7CC54AE7-2FDA-4568-840A-CC967F4E2943}.Release|x86.Build.0 = Release|Any CPU
		{7CC54AE7-2FDA-4568-840A-CC967F4E2943}.Release|x86.Deploy.0 = Release|Any CPU
	EndGlobalSection
	GlobalSection(SolutionProperties) = preSolution
		HideSolutionNode = FALSE
	EndGlobalSection
	GlobalSection(ExtensibilityGlobals) = postSolution
		SolutionGuid = {85316FB1-72AA-4C6B-80B0-8D0127C30D08}
	EndGlobalSection
EndGlobal
