
Microsoft Visual Studio Solution File, Format Version 12.00
# Visual Studio 15
VisualStudioVersion = 15.0.28307.421
MinimumVisualStudioVersion = 10.0.40219.1
Project("{FAE04EC0-301F-11D3-BF4B-00C04F79EFBC}") = "HW4-2.Android", "HW4-2\HW4-2.Android\HW4-2.Android.csproj", "{67E0043C-E6FA-453C-84D2-B8F5B7A324ED}"
EndProject
Project("{FAE04EC0-301F-11D3-BF4B-00C04F79EFBC}") = "HW4-2.iOS", "HW4-2\HW4-2.iOS\HW4-2.iOS.csproj", "{1FD0233C-FFFB-4C2D-A2DC-C632F899536A}"
EndProject
Project("{FAE04EC0-301F-11D3-BF4B-00C04F79EFBC}") = "HW4-2.UWP", "HW4-2\HW4-2.UWP\HW4-2.UWP.csproj", "{A3434E55-D995-4EE4-9CF6-92143605DC8A}"
EndProject
Project("{FAE04EC0-301F-11D3-BF4B-00C04F79EFBC}") = "HW4-2", "HW4-2\HW4-2\HW4-2.csproj", "{C315E835-EC37-4352-A540-704423E4F27F}"
EndProject
Global
	GlobalSection(SolutionConfigurationPlatforms) = preSolution
		Ad-Hoc|Any CPU = Ad-Hoc|Any CPU
		Ad-Hoc|ARM = Ad-Hoc|ARM
		Ad-Hoc|iPhone = Ad-Hoc|iPhone
		Ad-Hoc|iPhoneSimulator = Ad-Hoc|iPhoneSimulator
		Ad-Hoc|x64 = Ad-Hoc|x64
		Ad-Hoc|x86 = Ad-Hoc|x86
		AppStore|Any CPU = AppStore|Any CPU
		AppStore|ARM = AppStore|ARM
		AppStore|iPhone = AppStore|iPhone
		AppStore|iPhoneSimulator = AppStore|iPhoneSimulator
		AppStore|x64 = AppStore|x64
		AppStore|x86 = AppStore|x86
		Debug|Any CPU = Debug|Any CPU
		Debug|ARM = Debug|ARM
		Debug|iPhone = Debug|iPhone
		Debug|iPhoneSimulator = Debug|iPhoneSimulator
		Debug|x64 = Debug|x64
		Debug|x86 = Debug|x86
		Release|Any CPU = Release|Any CPU
		Release|ARM = Release|ARM
		Release|iPhone = Release|iPhone
		Release|iPhoneSimulator = Release|iPhoneSimulator
		Release|x64 = Release|x64
		Release|x86 = Release|x86
	EndGlobalSection
	GlobalSection(ProjectConfigurationPlatforms) = postSolution
		{67E0043C-E6FA-453C-84D2-B8F5B7A324ED}.Ad-Hoc|Any CPU.ActiveCfg = Release|Any CPU
		{67E0043C-E6FA-453C-84D2-B8F5B7A324ED}.Ad-Hoc|Any CPU.Build.0 = Release|Any CPU
		{67E0043C-E6FA-453C-84D2-B8F5B7A324ED}.Ad-Hoc|Any CPU.Deploy.0 = Release|Any CPU
		{67E0043C-E6FA-453C-84D2-B8F5B7A324ED}.Ad-Hoc|ARM.ActiveCfg = Release|Any CPU
		{67E0043C-E6FA-453C-84D2-B8F5B7A324ED}.Ad-Hoc|ARM.Build.0 = Release|Any CPU
		{67E0043C-E6FA-453C-84D2-B8F5B7A324ED}.Ad-Hoc|ARM.Deploy.0 = Release|Any CPU
		{67E0043C-E6FA-453C-84D2-B8F5B7A324ED}.Ad-Hoc|iPhone.ActiveCfg = Release|Any CPU
		{67E0043C-E6FA-453C-84D2-B8F5B7A324ED}.Ad-Hoc|iPhone.Build.0 = Release|Any CPU
		{67E0043C-E6FA-453C-84D2-B8F5B7A324ED}.Ad-Hoc|iPhone.Deploy.0 = Release|Any CPU
		{67E0043C-E6FA-453C-84D2-B8F5B7A324ED}.Ad-Hoc|iPhoneSimulator.ActiveCfg = Release|Any CPU
		{67E0043C-E6FA-453C-84D2-B8F5B7A324ED}.Ad-Hoc|iPhoneSimulator.Build.0 = Release|Any CPU
		{67E0043C-E6FA-453C-84D2-B8F5B7A324ED}.Ad-Hoc|iPhoneSimulator.Deploy.0 = Release|Any CPU
		{67E0043C-E6FA-453C-84D2-B8F5B7A324ED}.Ad-Hoc|x64.ActiveCfg = Release|Any CPU
		{67E0043C-E6FA-453C-84D2-B8F5B7A324ED}.Ad-Hoc|x64.Build.0 = Release|Any CPU
		{67E0043C-E6FA-453C-84D2-B8F5B7A324ED}.Ad-Hoc|x64.Deploy.0 = Release|Any CPU
		{67E0043C-E6FA-453C-84D2-B8F5B7A324ED}.Ad-Hoc|x86.ActiveCfg = Release|Any CPU
		{67E0043C-E6FA-453C-84D2-B8F5B7A324ED}.Ad-Hoc|x86.Build.0 = Release|Any CPU
		{67E0043C-E6FA-453C-84D2-B8F5B7A324ED}.Ad-Hoc|x86.Deploy.0 = Release|Any CPU
		{67E0043C-E6FA-453C-84D2-B8F5B7A324ED}.AppStore|Any CPU.ActiveCfg = Release|Any CPU
		{67E0043C-E6FA-453C-84D2-B8F5B7A324ED}.AppStore|Any CPU.Build.0 = Release|Any CPU
		{67E0043C-E6FA-453C-84D2-B8F5B7A324ED}.AppStore|Any CPU.Deploy.0 = Release|Any CPU
		{67E0043C-E6FA-453C-84D2-B8F5B7A324ED}.AppStore|ARM.ActiveCfg = Release|Any CPU
		{67E0043C-E6FA-453C-84D2-B8F5B7A324ED}.AppStore|ARM.Build.0 = Release|Any CPU
		{67E0043C-E6FA-453C-84D2-B8F5B7A324ED}.AppStore|ARM.Deploy.0 = Release|Any CPU
		{67E0043C-E6FA-453C-84D2-B8F5B7A324ED}.AppStore|iPhone.ActiveCfg = Release|Any CPU
		{67E0043C-E6FA-453C-84D2-B8F5B7A324ED}.AppStore|iPhone.Build.0 = Release|Any CPU
		{67E0043C-E6FA-453C-84D2-B8F5B7A324ED}.AppStore|iPhone.Deploy.0 = Release|Any CPU
		{67E0043C-E6FA-453C-84D2-B8F5B7A324ED}.AppStore|iPhoneSimulator.ActiveCfg = Release|Any CPU
		{67E0043C-E6FA-453C-84D2-B8F5B7A324ED}.AppStore|iPhoneSimulator.Build.0 = Release|Any CPU
		{67E0043C-E6FA-453C-84D2-B8F5B7A324ED}.AppStore|iPhoneSimulator.Deploy.0 = Release|Any CPU
		{67E0043C-E6FA-453C-84D2-B8F5B7A324ED}.AppStore|x64.ActiveCfg = Release|Any CPU
		{67E0043C-E6FA-453C-84D2-B8F5B7A324ED}.AppStore|x64.Build.0 = Release|Any CPU
		{67E0043C-E6FA-453C-84D2-B8F5B7A324ED}.AppStore|x64.Deploy.0 = Release|Any CPU
		{67E0043C-E6FA-453C-84D2-B8F5B7A324ED}.AppStore|x86.ActiveCfg = Release|Any CPU
		{67E0043C-E6FA-453C-84D2-B8F5B7A324ED}.AppStore|x86.Build.0 = Release|Any CPU
		{67E0043C-E6FA-453C-84D2-B8F5B7A324ED}.AppStore|x86.Deploy.0 = Release|Any CPU
		{67E0043C-E6FA-453C-84D2-B8F5B7A324ED}.Debug|Any CPU.ActiveCfg = Debug|Any CPU
		{67E0043C-E6FA-453C-84D2-B8F5B7A324ED}.Debug|Any CPU.Build.0 = Debug|Any CPU
		{67E0043C-E6FA-453C-84D2-B8F5B7A324ED}.Debug|Any CPU.Deploy.0 = Debug|Any CPU
		{67E0043C-E6FA-453C-84D2-B8F5B7A324ED}.Debug|ARM.ActiveCfg = Debug|Any CPU
		{67E0043C-E6FA-453C-84D2-B8F5B7A324ED}.Debug|ARM.Build.0 = Debug|Any CPU
		{67E0043C-E6FA-453C-84D2-B8F5B7A324ED}.Debug|ARM.Deploy.0 = Debug|Any CPU
		{67E0043C-E6FA-453C-84D2-B8F5B7A324ED}.Debug|iPhone.ActiveCfg = Debug|Any CPU
		{67E0043C-E6FA-453C-84D2-B8F5B7A324ED}.Debug|iPhone.Build.0 = Debug|Any CPU
		{67E0043C-E6FA-453C-84D2-B8F5B7A324ED}.Debug|iPhone.Deploy.0 = Debug|Any CPU
		{67E0043C-E6FA-453C-84D2-B8F5B7A324ED}.Debug|iPhoneSimulator.ActiveCfg = Debug|Any CPU
		{67E0043C-E6FA-453C-84D2-B8F5B7A324ED}.Debug|iPhoneSimulator.Build.0 = Debug|Any CPU
		{67E0043C-E6FA-453C-84D2-B8F5B7A324ED}.Debug|iPhoneSimulator.Deploy.0 = Debug|Any CPU
		{67E0043C-E6FA-453C-84D2-B8F5B7A324ED}.Debug|x64.ActiveCfg = Debug|Any CPU
		{67E0043C-E6FA-453C-84D2-B8F5B7A324ED}.Debug|x64.Build.0 = Debug|Any CPU
		{67E0043C-E6FA-453C-84D2-B8F5B7A324ED}.Debug|x64.Deploy.0 = Debug|Any CPU
		{67E0043C-E6FA-453C-84D2-B8F5B7A324ED}.Debug|x86.ActiveCfg = Debug|Any CPU
		{67E0043C-E6FA-453C-84D2-B8F5B7A324ED}.Debug|x86.Build.0 = Debug|Any CPU
		{67E0043C-E6FA-453C-84D2-B8F5B7A324ED}.Debug|x86.Deploy.0 = Debug|Any CPU
		{67E0043C-E6FA-453C-84D2-B8F5B7A324ED}.Release|Any CPU.ActiveCfg = Release|Any CPU
		{67E0043C-E6FA-453C-84D2-B8F5B7A324ED}.Release|Any CPU.Build.0 = Release|Any CPU
		{67E0043C-E6FA-453C-84D2-B8F5B7A324ED}.Release|Any CPU.Deploy.0 = Release|Any CPU
		{67E0043C-E6FA-453C-84D2-B8F5B7A324ED}.Release|ARM.ActiveCfg = Release|Any CPU
		{67E0043C-E6FA-453C-84D2-B8F5B7A324ED}.Release|ARM.Build.0 = Release|Any CPU
		{67E0043C-E6FA-453C-84D2-B8F5B7A324ED}.Release|ARM.Deploy.0 = Release|Any CPU
		{67E0043C-E6FA-453C-84D2-B8F5B7A324ED}.Release|iPhone.ActiveCfg = Release|Any CPU
		{67E0043C-E6FA-453C-84D2-B8F5B7A324ED}.Release|iPhone.Build.0 = Release|Any CPU
		{67E0043C-E6FA-453C-84D2-B8F5B7A324ED}.Release|iPhone.Deploy.0 = Release|Any CPU
		{67E0043C-E6FA-453C-84D2-B8F5B7A324ED}.Release|iPhoneSimulator.ActiveCfg = Release|Any CPU
		{67E0043C-E6FA-453C-84D2-B8F5B7A324ED}.Release|iPhoneSimulator.Build.0 = Release|Any CPU
		{67E0043C-E6FA-453C-84D2-B8F5B7A324ED}.Release|iPhoneSimulator.Deploy.0 = Release|Any CPU
		{67E0043C-E6FA-453C-84D2-B8F5B7A324ED}.Release|x64.ActiveCfg = Release|Any CPU
		{67E0043C-E6FA-453C-84D2-B8F5B7A324ED}.Release|x64.Build.0 = Release|Any CPU
		{67E0043C-E6FA-453C-84D2-B8F5B7A324ED}.Release|x64.Deploy.0 = Release|Any CPU
		{67E0043C-E6FA-453C-84D2-B8F5B7A324ED}.Release|x86.ActiveCfg = Release|Any CPU
		{67E0043C-E6FA-453C-84D2-B8F5B7A324ED}.Release|x86.Build.0 = Release|Any CPU
		{67E0043C-E6FA-453C-84D2-B8F5B7A324ED}.Release|x86.Deploy.0 = Release|Any CPU
		{1FD0233C-FFFB-4C2D-A2DC-C632F899536A}.Ad-Hoc|Any CPU.ActiveCfg = Ad-Hoc|iPhone
		{1FD0233C-FFFB-4C2D-A2DC-C632F899536A}.Ad-Hoc|Any CPU.Build.0 = Ad-Hoc|iPhone
		{1FD0233C-FFFB-4C2D-A2DC-C632F899536A}.Ad-Hoc|Any CPU.Deploy.0 = Ad-Hoc|iPhone
		{1FD0233C-FFFB-4C2D-A2DC-C632F899536A}.Ad-Hoc|ARM.ActiveCfg = Ad-Hoc|iPhone
		{1FD0233C-FFFB-4C2D-A2DC-C632F899536A}.Ad-Hoc|ARM.Build.0 = Ad-Hoc|iPhone
		{1FD0233C-FFFB-4C2D-A2DC-C632F899536A}.Ad-Hoc|ARM.Deploy.0 = Ad-Hoc|iPhone
		{1FD0233C-FFFB-4C2D-A2DC-C632F899536A}.Ad-Hoc|iPhone.ActiveCfg = Ad-Hoc|iPhone
		{1FD0233C-FFFB-4C2D-A2DC-C632F899536A}.Ad-Hoc|iPhone.Build.0 = Ad-Hoc|iPhone
		{1FD0233C-FFFB-4C2D-A2DC-C632F899536A}.Ad-Hoc|iPhone.Deploy.0 = Ad-Hoc|iPhone
		{1FD0233C-FFFB-4C2D-A2DC-C632F899536A}.Ad-Hoc|iPhoneSimulator.ActiveCfg = Ad-Hoc|iPhoneSimulator
		{1FD0233C-FFFB-4C2D-A2DC-C632F899536A}.Ad-Hoc|iPhoneSimulator.Build.0 = Ad-Hoc|iPhoneSimulator
		{1FD0233C-FFFB-4C2D-A2DC-C632F899536A}.Ad-Hoc|iPhoneSimulator.Deploy.0 = Ad-Hoc|iPhoneSimulator
		{1FD0233C-FFFB-4C2D-A2DC-C632F899536A}.Ad-Hoc|x64.ActiveCfg = Ad-Hoc|iPhone
		{1FD0233C-FFFB-4C2D-A2DC-C632F899536A}.Ad-Hoc|x64.Build.0 = Ad-Hoc|iPhone
		{1FD0233C-FFFB-4C2D-A2DC-C632F899536A}.Ad-Hoc|x64.Deploy.0 = Ad-Hoc|iPhone
		{1FD0233C-FFFB-4C2D-A2DC-C632F899536A}.Ad-Hoc|x86.ActiveCfg = Ad-Hoc|iPhone
		{1FD0233C-FFFB-4C2D-A2DC-C632F899536A}.Ad-Hoc|x86.Build.0 = Ad-Hoc|iPhone
		{1FD0233C-FFFB-4C2D-A2DC-C632F899536A}.Ad-Hoc|x86.Deploy.0 = Ad-Hoc|iPhone
		{1FD0233C-FFFB-4C2D-A2DC-C632F899536A}.AppStore|Any CPU.ActiveCfg = AppStore|iPhone
		{1FD0233C-FFFB-4C2D-A2DC-C632F899536A}.AppStore|Any CPU.Build.0 = AppStore|iPhone
		{1FD0233C-FFFB-4C2D-A2DC-C632F899536A}.AppStore|Any CPU.Deploy.0 = AppStore|iPhone
		{1FD0233C-FFFB-4C2D-A2DC-C632F899536A}.AppStore|ARM.ActiveCfg = AppStore|iPhone
		{1FD0233C-FFFB-4C2D-A2DC-C632F899536A}.AppStore|ARM.Build.0 = AppStore|iPhone
		{1FD0233C-FFFB-4C2D-A2DC-C632F899536A}.AppStore|ARM.Deploy.0 = AppStore|iPhone
		{1FD0233C-FFFB-4C2D-A2DC-C632F899536A}.AppStore|iPhone.ActiveCfg = AppStore|iPhone
		{1FD0233C-FFFB-4C2D-A2DC-C632F899536A}.AppStore|iPhone.Build.0 = AppStore|iPhone
		{1FD0233C-FFFB-4C2D-A2DC-C632F899536A}.AppStore|iPhone.Deploy.0 = AppStore|iPhone
		{1FD0233C-FFFB-4C2D-A2DC-C632F899536A}.AppStore|iPhoneSimulator.ActiveCfg = AppStore|iPhoneSimulator
		{1FD0233C-FFFB-4C2D-A2DC-C632F899536A}.AppStore|iPhoneSimulator.Build.0 = AppStore|iPhoneSimulator
		{1FD0233C-FFFB-4C2D-A2DC-C632F899536A}.AppStore|iPhoneSimulator.Deploy.0 = AppStore|iPhoneSimulator
		{1FD0233C-FFFB-4C2D-A2DC-C632F899536A}.AppStore|x64.ActiveCfg = AppStore|iPhone
		{1FD0233C-FFFB-4C2D-A2DC-C632F899536A}.AppStore|x64.Build.0 = AppStore|iPhone
		{1FD0233C-FFFB-4C2D-A2DC-C632F899536A}.AppStore|x64.Deploy.0 = AppStore|iPhone
		{1FD0233C-FFFB-4C2D-A2DC-C632F899536A}.AppStore|x86.ActiveCfg = AppStore|iPhone
		{1FD0233C-FFFB-4C2D-A2DC-C632F899536A}.AppStore|x86.Build.0 = AppStore|iPhone
		{1FD0233C-FFFB-4C2D-A2DC-C632F899536A}.AppStore|x86.Deploy.0 = AppStore|iPhone
		{1FD0233C-FFFB-4C2D-A2DC-C632F899536A}.Debug|Any CPU.ActiveCfg = Debug|iPhoneSimulator
		{1FD0233C-FFFB-4C2D-A2DC-C632F899536A}.Debug|Any CPU.Build.0 = Debug|iPhoneSimulator
		{1FD0233C-FFFB-4C2D-A2DC-C632F899536A}.Debug|Any CPU.Deploy.0 = Debug|iPhoneSimulator
		{1FD0233C-FFFB-4C2D-A2DC-C632F899536A}.Debug|ARM.ActiveCfg = Debug|iPhone
		{1FD0233C-FFFB-4C2D-A2DC-C632F899536A}.Debug|ARM.Build.0 = Debug|iPhone
		{1FD0233C-FFFB-4C2D-A2DC-C632F899536A}.Debug|ARM.Deploy.0 = Debug|iPhone
		{1FD0233C-FFFB-4C2D-A2DC-C632F899536A}.Debug|iPhone.ActiveCfg = Debug|iPhone
		{1FD0233C-FFFB-4C2D-A2DC-C632F899536A}.Debug|iPhone.Build.0 = Debug|iPhone
		{1FD0233C-FFFB-4C2D-A2DC-C632F899536A}.Debug|iPhone.Deploy.0 = Debug|iPhone
		{1FD0233C-FFFB-4C2D-A2DC-C632F899536A}.Debug|iPhoneSimulator.ActiveCfg = Debug|iPhoneSimulator
		{1FD0233C-FFFB-4C2D-A2DC-C632F899536A}.Debug|iPhoneSimulator.Build.0 = Debug|iPhoneSimulator
		{1FD0233C-FFFB-4C2D-A2DC-C632F899536A}.Debug|iPhoneSimulator.Deploy.0 = Debug|iPhoneSimulator
		{1FD0233C-FFFB-4C2D-A2DC-C632F899536A}.Debug|x64.ActiveCfg = Debug|iPhone
		{1FD0233C-FFFB-4C2D-A2DC-C632F899536A}.Debug|x64.Build.0 = Debug|iPhone
		{1FD0233C-FFFB-4C2D-A2DC-C632F899536A}.Debug|x64.Deploy.0 = Debug|iPhone
		{1FD0233C-FFFB-4C2D-A2DC-C632F899536A}.Debug|x86.ActiveCfg = Debug|iPhone
		{1FD0233C-FFFB-4C2D-A2DC-C632F899536A}.Debug|x86.Build.0 = Debug|iPhone
		{1FD0233C-FFFB-4C2D-A2DC-C632F899536A}.Debug|x86.Deploy.0 = Debug|iPhone
		{1FD0233C-FFFB-4C2D-A2DC-C632F899536A}.Release|Any CPU.ActiveCfg = Release|iPhone
		{1FD0233C-FFFB-4C2D-A2DC-C632F899536A}.Release|Any CPU.Build.0 = Release|iPhone
		{1FD0233C-FFFB-4C2D-A2DC-C632F899536A}.Release|Any CPU.Deploy.0 = Release|iPhone
		{1FD0233C-FFFB-4C2D-A2DC-C632F899536A}.Release|ARM.ActiveCfg = Release|iPhone
		{1FD0233C-FFFB-4C2D-A2DC-C632F899536A}.Release|ARM.Build.0 = Release|iPhone
		{1FD0233C-FFFB-4C2D-A2DC-C632F899536A}.Release|ARM.Deploy.0 = Release|iPhone
		{1FD0233C-FFFB-4C2D-A2DC-C632F899536A}.Release|iPhone.ActiveCfg = Release|iPhone
		{1FD0233C-FFFB-4C2D-A2DC-C632F899536A}.Release|iPhone.Build.0 = Release|iPhone
		{1FD0233C-FFFB-4C2D-A2DC-C632F899536A}.Release|iPhone.Deploy.0 = Release|iPhone
		{1FD0233C-FFFB-4C2D-A2DC-C632F899536A}.Release|iPhoneSimulator.ActiveCfg = Release|iPhoneSimulator
		{1FD0233C-FFFB-4C2D-A2DC-C632F899536A}.Release|iPhoneSimulator.Build.0 = Release|iPhoneSimulator
		{1FD0233C-FFFB-4C2D-A2DC-C632F899536A}.Release|iPhoneSimulator.Deploy.0 = Release|iPhoneSimulator
		{1FD0233C-FFFB-4C2D-A2DC-C632F899536A}.Release|x64.ActiveCfg = Release|iPhone
		{1FD0233C-FFFB-4C2D-A2DC-C632F899536A}.Release|x64.Build.0 = Release|iPhone
		{1FD0233C-FFFB-4C2D-A2DC-C632F899536A}.Release|x64.Deploy.0 = Release|iPhone
		{1FD0233C-FFFB-4C2D-A2DC-C632F899536A}.Release|x86.ActiveCfg = Release|iPhone
		{1FD0233C-FFFB-4C2D-A2DC-C632F899536A}.Release|x86.Build.0 = Release|iPhone
		{1FD0233C-FFFB-4C2D-A2DC-C632F899536A}.Release|x86.Deploy.0 = Release|iPhone
		{A3434E55-D995-4EE4-9CF6-92143605DC8A}.Ad-Hoc|Any CPU.ActiveCfg = Release|x86
		{A3434E55-D995-4EE4-9CF6-92143605DC8A}.Ad-Hoc|Any CPU.Build.0 = Release|x86
		{A3434E55-D995-4EE4-9CF6-92143605DC8A}.Ad-Hoc|Any CPU.Deploy.0 = Release|x86
		{A3434E55-D995-4EE4-9CF6-92143605DC8A}.Ad-Hoc|ARM.ActiveCfg = Release|ARM
		{A3434E55-D995-4EE4-9CF6-92143605DC8A}.Ad-Hoc|ARM.Build.0 = Release|ARM
		{A3434E55-D995-4EE4-9CF6-92143605DC8A}.Ad-Hoc|ARM.Deploy.0 = Release|ARM
		{A3434E55-D995-4EE4-9CF6-92143605DC8A}.Ad-Hoc|iPhone.ActiveCfg = Release|x86
		{A3434E55-D995-4EE4-9CF6-92143605DC8A}.Ad-Hoc|iPhone.Build.0 = Release|x86
		{A3434E55-D995-4EE4-9CF6-92143605DC8A}.Ad-Hoc|iPhone.Deploy.0 = Release|x86
		{A3434E55-D995-4EE4-9CF6-92143605DC8A}.Ad-Hoc|iPhoneSimulator.ActiveCfg = Release|x86
		{A3434E55-D995-4EE4-9CF6-92143605DC8A}.Ad-Hoc|iPhoneSimulator.Build.0 = Release|x86
		{A3434E55-D995-4EE4-9CF6-92143605DC8A}.Ad-Hoc|iPhoneSimulator.Deploy.0 = Release|x86
		{A3434E55-D995-4EE4-9CF6-92143605DC8A}.Ad-Hoc|x64.ActiveCfg = Release|x64
		{A3434E55-D995-4EE4-9CF6-92143605DC8A}.Ad-Hoc|x64.Build.0 = Release|x64
		{A3434E55-D995-4EE4-9CF6-92143605DC8A}.Ad-Hoc|x64.Deploy.0 = Release|x64
		{A3434E55-D995-4EE4-9CF6-92143605DC8A}.Ad-Hoc|x86.ActiveCfg = Release|x86
		{A3434E55-D995-4EE4-9CF6-92143605DC8A}.Ad-Hoc|x86.Build.0 = Release|x86
		{A3434E55-D995-4EE4-9CF6-92143605DC8A}.Ad-Hoc|x86.Deploy.0 = Release|x86
		{A3434E55-D995-4EE4-9CF6-92143605DC8A}.AppStore|Any CPU.ActiveCfg = Release|x86
		{A3434E55-D995-4EE4-9CF6-92143605DC8A}.AppStore|Any CPU.Build.0 = Release|x86
		{A3434E55-D995-4EE4-9CF6-92143605DC8A}.AppStore|Any CPU.Deploy.0 = Release|x86
		{A3434E55-D995-4EE4-9CF6-92143605DC8A}.AppStore|ARM.ActiveCfg = Release|ARM
		{A3434E55-D995-4EE4-9CF6-92143605DC8A}.AppStore|ARM.Build.0 = Release|ARM
		{A3434E55-D995-4EE4-9CF6-92143605DC8A}.AppStore|ARM.Deploy.0 = Release|ARM
		{A3434E55-D995-4EE4-9CF6-92143605DC8A}.AppStore|iPhone.ActiveCfg = Release|x86
		{A3434E55-D995-4EE4-9CF6-92143605DC8A}.AppStore|iPhone.Build.0 = Release|x86
		{A3434E55-D995-4EE4-9CF6-92143605DC8A}.AppStore|iPhone.Deploy.0 = Release|x86
		{A3434E55-D995-4EE4-9CF6-92143605DC8A}.AppStore|iPhoneSimulator.ActiveCfg = Release|x86
		{A3434E55-D995-4EE4-9CF6-92143605DC8A}.AppStore|iPhoneSimulator.Build.0 = Release|x86
		{A3434E55-D995-4EE4-9CF6-92143605DC8A}.AppStore|iPhoneSimulator.Deploy.0 = Release|x86
		{A3434E55-D995-4EE4-9CF6-92143605DC8A}.AppStore|x64.ActiveCfg = Release|x64
		{A3434E55-D995-4EE4-9CF6-92143605DC8A}.AppStore|x64.Build.0 = Release|x64
		{A3434E55-D995-4EE4-9CF6-92143605DC8A}.AppStore|x64.Deploy.0 = Release|x64
		{A3434E55-D995-4EE4-9CF6-92143605DC8A}.AppStore|x86.ActiveCfg = Release|x86
		{A3434E55-D995-4EE4-9CF6-92143605DC8A}.AppStore|x86.Build.0 = Release|x86
		{A3434E55-D995-4EE4-9CF6-92143605DC8A}.AppStore|x86.Deploy.0 = Release|x86
		{A3434E55-D995-4EE4-9CF6-92143605DC8A}.Debug|Any CPU.ActiveCfg = Debug|x86
		{A3434E55-D995-4EE4-9CF6-92143605DC8A}.Debug|Any CPU.Build.0 = Debug|x86
		{A3434E55-D995-4EE4-9CF6-92143605DC8A}.Debug|Any CPU.Deploy.0 = Debug|x86
		{A3434E55-D995-4EE4-9CF6-92143605DC8A}.Debug|ARM.ActiveCfg = Debug|ARM
		{A3434E55-D995-4EE4-9CF6-92143605DC8A}.Debug|ARM.Build.0 = Debug|ARM
		{A3434E55-D995-4EE4-9CF6-92143605DC8A}.Debug|ARM.Deploy.0 = Debug|ARM
		{A3434E55-D995-4EE4-9CF6-92143605DC8A}.Debug|iPhone.ActiveCfg = Debug|x86
		{A3434E55-D995-4EE4-9CF6-92143605DC8A}.Debug|iPhone.Build.0 = Debug|x86
		{A3434E55-D995-4EE4-9CF6-92143605DC8A}.Debug|iPhone.Deploy.0 = Debug|x86
		{A3434E55-D995-4EE4-9CF6-92143605DC8A}.Debug|iPhoneSimulator.ActiveCfg = Debug|x86
		{A3434E55-D995-4EE4-9CF6-92143605DC8A}.Debug|iPhoneSimulator.Build.0 = Debug|x86
		{A3434E55-D995-4EE4-9CF6-92143605DC8A}.Debug|iPhoneSimulator.Deploy.0 = Debug|x86
		{A3434E55-D995-4EE4-9CF6-92143605DC8A}.Debug|x64.ActiveCfg = Debug|x64
		{A3434E55-D995-4EE4-9CF6-92143605DC8A}.Debug|x64.Build.0 = Debug|x64
		{A3434E55-D995-4EE4-9CF6-92143605DC8A}.Debug|x64.Deploy.0 = Debug|x64
		{A3434E55-D995-4EE4-9CF6-92143605DC8A}.Debug|x86.ActiveCfg = Debug|x86
		{A3434E55-D995-4EE4-9CF6-92143605DC8A}.Debug|x86.Build.0 = Debug|x86
		{A3434E55-D995-4EE4-9CF6-92143605DC8A}.Debug|x86.Deploy.0 = Debug|x86
		{A3434E55-D995-4EE4-9CF6-92143605DC8A}.Release|Any CPU.ActiveCfg = Release|x86
		{A3434E55-D995-4EE4-9CF6-92143605DC8A}.Release|Any CPU.Build.0 = Release|x86
		{A3434E55-D995-4EE4-9CF6-92143605DC8A}.Release|Any CPU.Deploy.0 = Release|x86
		{A3434E55-D995-4EE4-9CF6-92143605DC8A}.Release|ARM.ActiveCfg = Release|ARM
		{A3434E55-D995-4EE4-9CF6-92143605DC8A}.Release|ARM.Build.0 = Release|ARM
		{A3434E55-D995-4EE4-9CF6-92143605DC8A}.Release|ARM.Deploy.0 = Release|ARM
		{A3434E55-D995-4EE4-9CF6-92143605DC8A}.Release|iPhone.ActiveCfg = Release|x86
		{A3434E55-D995-4EE4-9CF6-92143605DC8A}.Release|iPhone.Build.0 = Release|x86
		{A3434E55-D995-4EE4-9CF6-92143605DC8A}.Release|iPhone.Deploy.0 = Release|x86
		{A3434E55-D995-4EE4-9CF6-92143605DC8A}.Release|iPhoneSimulator.ActiveCfg = Release|x86
		{A3434E55-D995-4EE4-9CF6-92143605DC8A}.Release|iPhoneSimulator.Build.0 = Release|x86
		{A3434E55-D995-4EE4-9CF6-92143605DC8A}.Release|iPhoneSimulator.Deploy.0 = Release|x86
		{A3434E55-D995-4EE4-9CF6-92143605DC8A}.Release|x64.ActiveCfg = Release|x64
		{A3434E55-D995-4EE4-9CF6-92143605DC8A}.Release|x64.Build.0 = Release|x64
		{A3434E55-D995-4EE4-9CF6-92143605DC8A}.Release|x64.Deploy.0 = Release|x64
		{A3434E55-D995-4EE4-9CF6-92143605DC8A}.Release|x86.ActiveCfg = Release|x86
		{A3434E55-D995-4EE4-9CF6-92143605DC8A}.Release|x86.Build.0 = Release|x86
		{A3434E55-D995-4EE4-9CF6-92143605DC8A}.Release|x86.Deploy.0 = Release|x86
		{C315E835-EC37-4352-A540-704423E4F27F}.Ad-Hoc|Any CPU.ActiveCfg = Debug|Any CPU
		{C315E835-EC37-4352-A540-704423E4F27F}.Ad-Hoc|Any CPU.Build.0 = Debug|Any CPU
		{C315E835-EC37-4352-A540-704423E4F27F}.Ad-Hoc|Any CPU.Deploy.0 = Debug|Any CPU
		{C315E835-EC37-4352-A540-704423E4F27F}.Ad-Hoc|ARM.ActiveCfg = Debug|Any CPU
		{C315E835-EC37-4352-A540-704423E4F27F}.Ad-Hoc|ARM.Build.0 = Debug|Any CPU
		{C315E835-EC37-4352-A540-704423E4F27F}.Ad-Hoc|ARM.Deploy.0 = Debug|Any CPU
		{C315E835-EC37-4352-A540-704423E4F27F}.Ad-Hoc|iPhone.ActiveCfg = Debug|Any CPU
		{C315E835-EC37-4352-A540-704423E4F27F}.Ad-Hoc|iPhone.Build.0 = Debug|Any CPU
		{C315E835-EC37-4352-A540-704423E4F27F}.Ad-Hoc|iPhone.Deploy.0 = Debug|Any CPU
		{C315E835-EC37-4352-A540-704423E4F27F}.Ad-Hoc|iPhoneSimulator.ActiveCfg = Debug|Any CPU
		{C315E835-EC37-4352-A540-704423E4F27F}.Ad-Hoc|iPhoneSimulator.Build.0 = Debug|Any CPU
		{C315E835-EC37-4352-A540-704423E4F27F}.Ad-Hoc|iPhoneSimulator.Deploy.0 = Debug|Any CPU
		{C315E835-EC37-4352-A540-704423E4F27F}.Ad-Hoc|x64.ActiveCfg = Debug|Any CPU
		{C315E835-EC37-4352-A540-704423E4F27F}.Ad-Hoc|x64.Build.0 = Debug|Any CPU
		{C315E835-EC37-4352-A540-704423E4F27F}.Ad-Hoc|x64.Deploy.0 = Debug|Any CPU
		{C315E835-EC37-4352-A540-704423E4F27F}.Ad-Hoc|x86.ActiveCfg = Debug|Any CPU
		{C315E835-EC37-4352-A540-704423E4F27F}.Ad-Hoc|x86.Build.0 = Debug|Any CPU
		{C315E835-EC37-4352-A540-704423E4F27F}.Ad-Hoc|x86.Deploy.0 = Debug|Any CPU
		{C315E835-EC37-4352-A540-704423E4F27F}.AppStore|Any CPU.ActiveCfg = Debug|Any CPU
		{C315E835-EC37-4352-A540-704423E4F27F}.AppStore|Any CPU.Build.0 = Debug|Any CPU
		{C315E835-EC37-4352-A540-704423E4F27F}.AppStore|Any CPU.Deploy.0 = Debug|Any CPU
		{C315E835-EC37-4352-A540-704423E4F27F}.AppStore|ARM.ActiveCfg = Debug|Any CPU
		{C315E835-EC37-4352-A540-704423E4F27F}.AppStore|ARM.Build.0 = Debug|Any CPU
		{C315E835-EC37-4352-A540-704423E4F27F}.AppStore|ARM.Deploy.0 = Debug|Any CPU
		{C315E835-EC37-4352-A540-704423E4F27F}.AppStore|iPhone.ActiveCfg = Debug|Any CPU
		{C315E835-EC37-4352-A540-704423E4F27F}.AppStore|iPhone.Build.0 = Debug|Any CPU
		{C315E835-EC37-4352-A540-704423E4F27F}.AppStore|iPhone.Deploy.0 = Debug|Any CPU
		{C315E835-EC37-4352-A540-704423E4F27F}.AppStore|iPhoneSimulator.ActiveCfg = Debug|Any CPU
		{C315E835-EC37-4352-A540-704423E4F27F}.AppStore|iPhoneSimulator.Build.0 = Debug|Any CPU
		{C315E835-EC37-4352-A540-704423E4F27F}.AppStore|iPhoneSimulator.Deploy.0 = Debug|Any CPU
		{C315E835-EC37-4352-A540-704423E4F27F}.AppStore|x64.ActiveCfg = Debug|Any CPU
		{C315E835-EC37-4352-A540-704423E4F27F}.AppStore|x64.Build.0 = Debug|Any CPU
		{C315E835-EC37-4352-A540-704423E4F27F}.AppStore|x64.Deploy.0 = Debug|Any CPU
		{C315E835-EC37-4352-A540-704423E4F27F}.AppStore|x86.ActiveCfg = Debug|Any CPU
		{C315E835-EC37-4352-A540-704423E4F27F}.AppStore|x86.Build.0 = Debug|Any CPU
		{C315E835-EC37-4352-A540-704423E4F27F}.AppStore|x86.Deploy.0 = Debug|Any CPU
		{C315E835-EC37-4352-A540-704423E4F27F}.Debug|Any CPU.ActiveCfg = Debug|Any CPU
		{C315E835-EC37-4352-A540-704423E4F27F}.Debug|Any CPU.Build.0 = Debug|Any CPU
		{C315E835-EC37-4352-A540-704423E4F27F}.Debug|Any CPU.Deploy.0 = Debug|Any CPU
		{C315E835-EC37-4352-A540-704423E4F27F}.Debug|ARM.ActiveCfg = Debug|Any CPU
		{C315E835-EC37-4352-A540-704423E4F27F}.Debug|ARM.Build.0 = Debug|Any CPU
		{C315E835-EC37-4352-A540-704423E4F27F}.Debug|ARM.Deploy.0 = Debug|Any CPU
		{C315E835-EC37-4352-A540-704423E4F27F}.Debug|iPhone.ActiveCfg = Debug|Any CPU
		{C315E835-EC37-4352-A540-704423E4F27F}.Debug|iPhone.Build.0 = Debug|Any CPU
		{C315E835-EC37-4352-A540-704423E4F27F}.Debug|iPhone.Deploy.0 = Debug|Any CPU
		{C315E835-EC37-4352-A540-704423E4F27F}.Debug|iPhoneSimulator.ActiveCfg = Debug|Any CPU
		{C315E835-EC37-4352-A540-704423E4F27F}.Debug|iPhoneSimulator.Build.0 = Debug|Any CPU
		{C315E835-EC37-4352-A540-704423E4F27F}.Debug|iPhoneSimulator.Deploy.0 = Debug|Any CPU
		{C315E835-EC37-4352-A540-704423E4F27F}.Debug|x64.ActiveCfg = Debug|Any CPU
		{C315E835-EC37-4352-A540-704423E4F27F}.Debug|x64.Build.0 = Debug|Any CPU
		{C315E835-EC37-4352-A540-704423E4F27F}.Debug|x64.Deploy.0 = Debug|Any CPU
		{C315E835-EC37-4352-A540-704423E4F27F}.Debug|x86.ActiveCfg = Debug|Any CPU
		{C315E835-EC37-4352-A540-704423E4F27F}.Debug|x86.Build.0 = Debug|Any CPU
		{C315E835-EC37-4352-A540-704423E4F27F}.Debug|x86.Deploy.0 = Debug|Any CPU
		{C315E835-EC37-4352-A540-704423E4F27F}.Release|Any CPU.ActiveCfg = Release|Any CPU
		{C315E835-EC37-4352-A540-704423E4F27F}.Release|Any CPU.Build.0 = Release|Any CPU
		{C315E835-EC37-4352-A540-704423E4F27F}.Release|Any CPU.Deploy.0 = Release|Any CPU
		{C315E835-EC37-4352-A540-704423E4F27F}.Release|ARM.ActiveCfg = Release|Any CPU
		{C315E835-EC37-4352-A540-704423E4F27F}.Release|ARM.Build.0 = Release|Any CPU
		{C315E835-EC37-4352-A540-704423E4F27F}.Release|ARM.Deploy.0 = Release|Any CPU
		{C315E835-EC37-4352-A540-704423E4F27F}.Release|iPhone.ActiveCfg = Release|Any CPU
		{C315E835-EC37-4352-A540-704423E4F27F}.Release|iPhone.Build.0 = Release|Any CPU
		{C315E835-EC37-4352-A540-704423E4F27F}.Release|iPhone.Deploy.0 = Release|Any CPU
		{C315E835-EC37-4352-A540-704423E4F27F}.Release|iPhoneSimulator.ActiveCfg = Release|Any CPU
		{C315E835-EC37-4352-A540-704423E4F27F}.Release|iPhoneSimulator.Build.0 = Release|Any CPU
		{C315E835-EC37-4352-A540-704423E4F27F}.Release|iPhoneSimulator.Deploy.0 = Release|Any CPU
		{C315E835-EC37-4352-A540-704423E4F27F}.Release|x64.ActiveCfg = Release|Any CPU
		{C315E835-EC37-4352-A540-704423E4F27F}.Release|x64.Build.0 = Release|Any CPU
		{C315E835-EC37-4352-A540-704423E4F27F}.Release|x64.Deploy.0 = Release|Any CPU
		{C315E835-EC37-4352-A540-704423E4F27F}.Release|x86.ActiveCfg = Release|Any CPU
		{C315E835-EC37-4352-A540-704423E4F27F}.Release|x86.Build.0 = Release|Any CPU
		{C315E835-EC37-4352-A540-704423E4F27F}.Release|x86.Deploy.0 = Release|Any CPU
	EndGlobalSection
	GlobalSection(SolutionProperties) = preSolution
		HideSolutionNode = FALSE
	EndGlobalSection
	GlobalSection(ExtensibilityGlobals) = postSolution
		SolutionGuid = {B346A5FA-6FDF-4277-B7A8-4B4EDC824D33}
	EndGlobalSection
EndGlobal
